// !$*UTF8*$!
{
	archiveVersion = 1;
	classes = {
	};
	objectVersion = 55;
	objects = {

/* Begin PBXBuildFile section */
		14A34E28289830B700FFD440 /* IdentityProtocol.swift in Sources */ = {isa = PBXBuildFile; fileRef = 14A34E27289830B700FFD440 /* IdentityProtocol.swift */; };
		14AFFCD7288BAB0E00FEF4EB /* PreferencesTableViewController.swift in Sources */ = {isa = PBXBuildFile; fileRef = 14AFFCD6288BAB0E00FEF4EB /* PreferencesTableViewController.swift */; };
		14AFFCD9288BACC200FEF4EB /* PreferencesTableViewCell.swift in Sources */ = {isa = PBXBuildFile; fileRef = 14AFFCD8288BACC200FEF4EB /* PreferencesTableViewCell.swift */; };
		14CCD368288D2ABC00B2D06C /* IQKeyboardManagerSwift in Frameworks */ = {isa = PBXBuildFile; productRef = 14CCD367288D2ABC00B2D06C /* IQKeyboardManagerSwift */; };
		14F94AA2288A70B000956ADE /* AppDelegate.swift in Sources */ = {isa = PBXBuildFile; fileRef = 14F94AA1288A70B000956ADE /* AppDelegate.swift */; };
		14F94AA4288A70B000956ADE /* SceneDelegate.swift in Sources */ = {isa = PBXBuildFile; fileRef = 14F94AA3288A70B000956ADE /* SceneDelegate.swift */; };
		14F94AAB288A70B000956ADE /* Assets.xcassets in Resources */ = {isa = PBXBuildFile; fileRef = 14F94AAA288A70B000956ADE /* Assets.xcassets */; };
		14F94AAE288A70B000956ADE /* LaunchScreen.storyboard in Resources */ = {isa = PBXBuildFile; fileRef = 14F94AAC288A70B000956ADE /* LaunchScreen.storyboard */; };
		14F94AB8288A8EAC00956ADE /* UIColor + Extention.swift in Sources */ = {isa = PBXBuildFile; fileRef = 14F94AB7288A8EAC00956ADE /* UIColor + Extention.swift */; };
		14F94ABA288A900D00956ADE /* TamagotchiCollectionViewController.swift in Sources */ = {isa = PBXBuildFile; fileRef = 14F94AB9288A900D00956ADE /* TamagotchiCollectionViewController.swift */; };
		14F94ABE288A90AE00956ADE /* Tamagotchi.storyboard in Resources */ = {isa = PBXBuildFile; fileRef = 14F94ABD288A90AE00956ADE /* Tamagotchi.storyboard */; };
		14F94AC0288A915000956ADE /* TamagotchiViewController.swift in Sources */ = {isa = PBXBuildFile; fileRef = 14F94ABF288A915000956ADE /* TamagotchiViewController.swift */; };
		14F94AC2288A947600956ADE /* TamagotchiCollectionViewCell.swift in Sources */ = {isa = PBXBuildFile; fileRef = 14F94AC1288A947600956ADE /* TamagotchiCollectionViewCell.swift */; };
		14F94AC4288AC23A00956ADE /* Tamagotchi.swift in Sources */ = {isa = PBXBuildFile; fileRef = 14F94AC3288AC23A00956ADE /* Tamagotchi.swift */; };
		14F94AC6288AC44100956ADE /* TamagotchiInfo.swift in Sources */ = {isa = PBXBuildFile; fileRef = 14F94AC5288AC44100956ADE /* TamagotchiInfo.swift */; };
		14F94AC8288AF8E200956ADE /* TamagotchiMainViewController.swift in Sources */ = {isa = PBXBuildFile; fileRef = 14F94AC7288AF8E200956ADE /* TamagotchiMainViewController.swift */; };
		14FD658C288BBEC6009E2A90 /* ChangeNameViewController.swift in Sources */ = {isa = PBXBuildFile; fileRef = 14FD658B288BBEC6009E2A90 /* ChangeNameViewController.swift */; };
/* End PBXBuildFile section */

/* Begin PBXFileReference section */
		14A34E27289830B700FFD440 /* IdentityProtocol.swift */ = {isa = PBXFileReference; lastKnownFileType = sourcecode.swift; path = IdentityProtocol.swift; sourceTree = "<group>"; };
		14AFFCD6288BAB0E00FEF4EB /* PreferencesTableViewController.swift */ = {isa = PBXFileReference; lastKnownFileType = sourcecode.swift; path = PreferencesTableViewController.swift; sourceTree = "<group>"; };
		14AFFCD8288BACC200FEF4EB /* PreferencesTableViewCell.swift */ = {isa = PBXFileReference; lastKnownFileType = sourcecode.swift; path = PreferencesTableViewCell.swift; sourceTree = "<group>"; };
		14F94A9E288A70B000956ADE /* Tamagotchi Project.app */ = {isa = PBXFileReference; explicitFileType = wrapper.application; includeInIndex = 0; path = "Tamagotchi Project.app"; sourceTree = BUILT_PRODUCTS_DIR; };
		14F94AA1288A70B000956ADE /* AppDelegate.swift */ = {isa = PBXFileReference; lastKnownFileType = sourcecode.swift; path = AppDelegate.swift; sourceTree = "<group>"; };
		14F94AA3288A70B000956ADE /* SceneDelegate.swift */ = {isa = PBXFileReference; lastKnownFileType = sourcecode.swift; path = SceneDelegate.swift; sourceTree = "<group>"; };
		14F94AAA288A70B000956ADE /* Assets.xcassets */ = {isa = PBXFileReference; lastKnownFileType = folder.assetcatalog; path = Assets.xcassets; sourceTree = "<group>"; };
		14F94AAD288A70B000956ADE /* Base */ = {isa = PBXFileReference; lastKnownFileType = file.storyboard; name = Base; path = Base.lproj/LaunchScreen.storyboard; sourceTree = "<group>"; };
		14F94AAF288A70B000956ADE /* Info.plist */ = {isa = PBXFileReference; lastKnownFileType = text.plist.xml; path = Info.plist; sourceTree = "<group>"; };
		14F94AB7288A8EAC00956ADE /* UIColor + Extention.swift */ = {isa = PBXFileReference; lastKnownFileType = sourcecode.swift; path = "UIColor + Extention.swift"; sourceTree = "<group>"; };
		14F94AB9288A900D00956ADE /* TamagotchiCollectionViewController.swift */ = {isa = PBXFileReference; lastKnownFileType = sourcecode.swift; path = TamagotchiCollectionViewController.swift; sourceTree = "<group>"; };
		14F94ABD288A90AE00956ADE /* Tamagotchi.storyboard */ = {isa = PBXFileReference; lastKnownFileType = file.storyboard; path = Tamagotchi.storyboard; sourceTree = "<group>"; };
		14F94ABF288A915000956ADE /* TamagotchiViewController.swift */ = {isa = PBXFileReference; lastKnownFileType = sourcecode.swift; path = TamagotchiViewController.swift; sourceTree = "<group>"; };
		14F94AC1288A947600956ADE /* TamagotchiCollectionViewCell.swift */ = {isa = PBXFileReference; lastKnownFileType = sourcecode.swift; path = TamagotchiCollectionViewCell.swift; sourceTree = "<group>"; };
		14F94AC3288AC23A00956ADE /* Tamagotchi.swift */ = {isa = PBXFileReference; lastKnownFileType = sourcecode.swift; path = Tamagotchi.swift; sourceTree = "<group>"; };
		14F94AC5288AC44100956ADE /* TamagotchiInfo.swift */ = {isa = PBXFileReference; lastKnownFileType = sourcecode.swift; path = TamagotchiInfo.swift; sourceTree = "<group>"; };
		14F94AC7288AF8E200956ADE /* TamagotchiMainViewController.swift */ = {isa = PBXFileReference; lastKnownFileType = sourcecode.swift; path = TamagotchiMainViewController.swift; sourceTree = "<group>"; };
		14FD658B288BBEC6009E2A90 /* ChangeNameViewController.swift */ = {isa = PBXFileReference; lastKnownFileType = sourcecode.swift; path = ChangeNameViewController.swift; sourceTree = "<group>"; };
/* End PBXFileReference section */

/* Begin PBXFrameworksBuildPhase section */
		14F94A9B288A70B000956ADE /* Frameworks */ = {
			isa = PBXFrameworksBuildPhase;
			buildActionMask = 2147483647;
			files = (
				14CCD368288D2ABC00B2D06C /* IQKeyboardManagerSwift in Frameworks */,
			);
			runOnlyForDeploymentPostprocessing = 0;
		};
/* End PBXFrameworksBuildPhase section */

/* Begin PBXGroup section */
		14A34E2128982C0C00FFD440 /* Extention */ = {
			isa = PBXGroup;
			children = (
				14F94AB7288A8EAC00956ADE /* UIColor + Extention.swift */,
			);
			path = Extention;
			sourceTree = "<group>";
		};
		14A34E2228982C9A00FFD440 /* Data */ = {
			isa = PBXGroup;
			children = (
				14F94AC3288AC23A00956ADE /* Tamagotchi.swift */,
				14F94AC5288AC44100956ADE /* TamagotchiInfo.swift */,
			);
			path = Data;
			sourceTree = "<group>";
		};
		14A34E2328982D2100FFD440 /* Preferences */ = {
			isa = PBXGroup;
			children = (
				14AFFCD6288BAB0E00FEF4EB /* PreferencesTableViewController.swift */,
				14AFFCD8288BACC200FEF4EB /* PreferencesTableViewCell.swift */,
				14FD658B288BBEC6009E2A90 /* ChangeNameViewController.swift */,
			);
			path = Preferences;
			sourceTree = "<group>";
		};
		14A34E2428982D7700FFD440 /* Main */ = {
			isa = PBXGroup;
			children = (
				14F94AB9288A900D00956ADE /* TamagotchiCollectionViewController.swift */,
				14F94AC1288A947600956ADE /* TamagotchiCollectionViewCell.swift */,
				14F94ABF288A915000956ADE /* TamagotchiViewController.swift */,
				14F94AC7288AF8E200956ADE /* TamagotchiMainViewController.swift */,
			);
			path = Main;
			sourceTree = "<group>";
		};
		14A34E2528982F2500FFD440 /* StoryBoard */ = {
			isa = PBXGroup;
			children = (
				14F94ABD288A90AE00956ADE /* Tamagotchi.storyboard */,
			);
			path = StoryBoard;
			sourceTree = "<group>";
		};
		14A34E262898307500FFD440 /* Protocol */ = {
			isa = PBXGroup;
			children = (
				14A34E27289830B700FFD440 /* IdentityProtocol.swift */,
			);
			path = Protocol;
			sourceTree = "<group>";
		};
		14F94A95288A70B000956ADE = {
			isa = PBXGroup;
			children = (
				14F94AA0288A70B000956ADE /* Tamagotchi Project */,
				14F94A9F288A70B000956ADE /* Products */,
			);
			sourceTree = "<group>";
		};
		14F94A9F288A70B000956ADE /* Products */ = {
			isa = PBXGroup;
			children = (
				14F94A9E288A70B000956ADE /* Tamagotchi Project.app */,
			);
			name = Products;
			sourceTree = "<group>";
		};
		14F94AA0288A70B000956ADE /* Tamagotchi Project */ = {
			isa = PBXGroup;
			children = (
				14A34E262898307500FFD440 /* Protocol */,
				14A34E2128982C0C00FFD440 /* Extention */,
				14A34E2228982C9A00FFD440 /* Data */,
				14A34E2328982D2100FFD440 /* Preferences */,
				14A34E2428982D7700FFD440 /* Main */,
				14A34E2528982F2500FFD440 /* StoryBoard */,
				14F94AA1288A70B000956ADE /* AppDelegate.swift */,
				14F94AA3288A70B000956ADE /* SceneDelegate.swift */,
				14F94AAA288A70B000956ADE /* Assets.xcassets */,
				14F94AAC288A70B000956ADE /* LaunchScreen.storyboard */,
				14F94AAF288A70B000956ADE /* Info.plist */,
			);
			path = "Tamagotchi Project";
			sourceTree = "<group>";
		};
/* End PBXGroup section */

/* Begin PBXNativeTarget section */
		14F94A9D288A70B000956ADE /* Tamagotchi Project */ = {
			isa = PBXNativeTarget;
			buildConfigurationList = 14F94AB2288A70B000956ADE /* Build configuration list for PBXNativeTarget "Tamagotchi Project" */;
			buildPhases = (
				14F94A9A288A70B000956ADE /* Sources */,
				14F94A9B288A70B000956ADE /* Frameworks */,
				14F94A9C288A70B000956ADE /* Resources */,
			);
			buildRules = (
			);
			dependencies = (
			);
			name = "Tamagotchi Project";
			packageProductDependencies = (
				14CCD367288D2ABC00B2D06C /* IQKeyboardManagerSwift */,
			);
			productName = "Tamagotchi Project";
			productReference = 14F94A9E288A70B000956ADE /* Tamagotchi Project.app */;
			productType = "com.apple.product-type.application";
		};
/* End PBXNativeTarget section */

/* Begin PBXProject section */
		14F94A96288A70B000956ADE /* Project object */ = {
			isa = PBXProject;
			attributes = {
				BuildIndependentTargetsInParallel = 1;
				LastSwiftUpdateCheck = 1340;
				LastUpgradeCheck = 1340;
				TargetAttributes = {
					14F94A9D288A70B000956ADE = {
						CreatedOnToolsVersion = 13.4.1;
					};
				};
			};
			buildConfigurationList = 14F94A99288A70B000956ADE /* Build configuration list for PBXProject "Tamagotchi Project" */;
			compatibilityVersion = "Xcode 13.0";
			developmentRegion = en;
			hasScannedForEncodings = 0;
			knownRegions = (
				en,
				Base,
			);
			mainGroup = 14F94A95288A70B000956ADE;
			packageReferences = (
				14CCD366288D2ABC00B2D06C /* XCRemoteSwiftPackageReference "IQKeyboardManager" */,
			);
			productRefGroup = 14F94A9F288A70B000956ADE /* Products */;
			projectDirPath = "";
			projectRoot = "";
			targets = (
				14F94A9D288A70B000956ADE /* Tamagotchi Project */,
			);
		};
/* End PBXProject section */

/* Begin PBXResourcesBuildPhase section */
		14F94A9C288A70B000956ADE /* Resources */ = {
			isa = PBXResourcesBuildPhase;
			buildActionMask = 2147483647;
			files = (
				14F94AAE288A70B000956ADE /* LaunchScreen.storyboard in Resources */,
				14F94ABE288A90AE00956ADE /* Tamagotchi.storyboard in Resources */,
				14F94AAB288A70B000956ADE /* Assets.xcassets in Resources */,
			);
			runOnlyForDeploymentPostprocessing = 0;
		};
/* End PBXResourcesBuildPhase section */

/* Begin PBXSourcesBuildPhase section */
		14F94A9A288A70B000956ADE /* Sources */ = {
			isa = PBXSourcesBuildPhase;
			buildActionMask = 2147483647;
			files = (
				14F94ABA288A900D00956ADE /* TamagotchiCollectionViewController.swift in Sources */,
				14F94AC8288AF8E200956ADE /* TamagotchiMainViewController.swift in Sources */,
				14AFFCD9288BACC200FEF4EB /* PreferencesTableViewCell.swift in Sources */,
				14FD658C288BBEC6009E2A90 /* ChangeNameViewController.swift in Sources */,
				14AFFCD7288BAB0E00FEF4EB /* PreferencesTableViewController.swift in Sources */,
				14F94AC4288AC23A00956ADE /* Tamagotchi.swift in Sources */,
				14F94AA2288A70B000956ADE /* AppDelegate.swift in Sources */,
				14F94AB8288A8EAC00956ADE /* UIColor + Extention.swift in Sources */,
				14F94AC6288AC44100956ADE /* TamagotchiInfo.swift in Sources */,
				14F94AC2288A947600956ADE /* TamagotchiCollectionViewCell.swift in Sources */,
				14A34E28289830B700FFD440 /* IdentityProtocol.swift in Sources */,
				14F94AA4288A70B000956ADE /* SceneDelegate.swift in Sources */,
				14F94AC0288A915000956ADE /* TamagotchiViewController.swift in Sources */,
			);
			runOnlyForDeploymentPostprocessing = 0;
		};
/* End PBXSourcesBuildPhase section */

/* Begin PBXVariantGroup section */
		14F94AAC288A70B000956ADE /* LaunchScreen.storyboard */ = {
			isa = PBXVariantGroup;
			children = (
				14F94AAD288A70B000956ADE /* Base */,
			);
			name = LaunchScreen.storyboard;
			sourceTree = "<group>";
		};
/* End PBXVariantGroup section */

/* Begin XCBuildConfiguration section */
		14F94AB0288A70B000956ADE /* Debug */ = {
			isa = XCBuildConfiguration;
			buildSettings = {
				ALWAYS_SEARCH_USER_PATHS = NO;
				CLANG_ANALYZER_NONNULL = YES;
				CLANG_ANALYZER_NUMBER_OBJECT_CONVERSION = YES_AGGRESSIVE;
				CLANG_CXX_LANGUAGE_STANDARD = "gnu++17";
				CLANG_ENABLE_MODULES = YES;
				CLANG_ENABLE_OBJC_ARC = YES;
				CLANG_ENABLE_OBJC_WEAK = YES;
				CLANG_WARN_BLOCK_CAPTURE_AUTORELEASING = YES;
				CLANG_WARN_BOOL_CONVERSION = YES;
				CLANG_WARN_COMMA = YES;
				CLANG_WARN_CONSTANT_CONVERSION = YES;
				CLANG_WARN_DEPRECATED_OBJC_IMPLEMENTATIONS = YES;
				CLANG_WARN_DIRECT_OBJC_ISA_USAGE = YES_ERROR;
				CLANG_WARN_DOCUMENTATION_COMMENTS = YES;
				CLANG_WARN_EMPTY_BODY = YES;
				CLANG_WARN_ENUM_CONVERSION = YES;
				CLANG_WARN_INFINITE_RECURSION = YES;
				CLANG_WARN_INT_CONVERSION = YES;
				CLANG_WARN_NON_LITERAL_NULL_CONVERSION = YES;
				CLANG_WARN_OBJC_IMPLICIT_RETAIN_SELF = YES;
				CLANG_WARN_OBJC_LITERAL_CONVERSION = YES;
				CLANG_WARN_OBJC_ROOT_CLASS = YES_ERROR;
				CLANG_WARN_QUOTED_INCLUDE_IN_FRAMEWORK_HEADER = YES;
				CLANG_WARN_RANGE_LOOP_ANALYSIS = YES;
				CLANG_WARN_STRICT_PROTOTYPES = YES;
				CLANG_WARN_SUSPICIOUS_MOVE = YES;
				CLANG_WARN_UNGUARDED_AVAILABILITY = YES_AGGRESSIVE;
				CLANG_WARN_UNREACHABLE_CODE = YES;
				CLANG_WARN__DUPLICATE_METHOD_MATCH = YES;
				COPY_PHASE_STRIP = NO;
				DEBUG_INFORMATION_FORMAT = dwarf;
				ENABLE_STRICT_OBJC_MSGSEND = YES;
				ENABLE_TESTABILITY = YES;
				GCC_C_LANGUAGE_STANDARD = gnu11;
				GCC_DYNAMIC_NO_PIC = NO;
				GCC_NO_COMMON_BLOCKS = YES;
				GCC_OPTIMIZATION_LEVEL = 0;
				GCC_PREPROCESSOR_DEFINITIONS = (
					"DEBUG=1",
					"$(inherited)",
				);
				GCC_WARN_64_TO_32_BIT_CONVERSION = YES;
				GCC_WARN_ABOUT_RETURN_TYPE = YES_ERROR;
				GCC_WARN_UNDECLARED_SELECTOR = YES;
				GCC_WARN_UNINITIALIZED_AUTOS = YES_AGGRESSIVE;
				GCC_WARN_UNUSED_FUNCTION = YES;
				GCC_WARN_UNUSED_VARIABLE = YES;
				IPHONEOS_DEPLOYMENT_TARGET = 15.5;
				MTL_ENABLE_DEBUG_INFO = INCLUDE_SOURCE;
				MTL_FAST_MATH = YES;
				ONLY_ACTIVE_ARCH = YES;
				SDKROOT = iphoneos;
				SWIFT_ACTIVE_COMPILATION_CONDITIONS = DEBUG;
				SWIFT_OPTIMIZATION_LEVEL = "-Onone";
			};
			name = Debug;
		};
		14F94AB1288A70B000956ADE /* Release */ = {
			isa = XCBuildConfiguration;
			buildSettings = {
				ALWAYS_SEARCH_USER_PATHS = NO;
				CLANG_ANALYZER_NONNULL = YES;
				CLANG_ANALYZER_NUMBER_OBJECT_CONVERSION = YES_AGGRESSIVE;
				CLANG_CXX_LANGUAGE_STANDARD = "gnu++17";
				CLANG_ENABLE_MODULES = YES;
				CLANG_ENABLE_OBJC_ARC = YES;
				CLANG_ENABLE_OBJC_WEAK = YES;
				CLANG_WARN_BLOCK_CAPTURE_AUTORELEASING = YES;
				CLANG_WARN_BOOL_CONVERSION = YES;
				CLANG_WARN_COMMA = YES;
				CLANG_WARN_CONSTANT_CONVERSION = YES;
				CLANG_WARN_DEPRECATED_OBJC_IMPLEMENTATIONS = YES;
				CLANG_WARN_DIRECT_OBJC_ISA_USAGE = YES_ERROR;
				CLANG_WARN_DOCUMENTATION_COMMENTS = YES;
				CLANG_WARN_EMPTY_BODY = YES;
				CLANG_WARN_ENUM_CONVERSION = YES;
				CLANG_WARN_INFINITE_RECURSION = YES;
				CLANG_WARN_INT_CONVERSION = YES;
				CLANG_WARN_NON_LITERAL_NULL_CONVERSION = YES;
				CLANG_WARN_OBJC_IMPLICIT_RETAIN_SELF = YES;
				CLANG_WARN_OBJC_LITERAL_CONVERSION = YES;
				CLANG_WARN_OBJC_ROOT_CLASS = YES_ERROR;
				CLANG_WARN_QUOTED_INCLUDE_IN_FRAMEWORK_HEADER = YES;
				CLANG_WARN_RANGE_LOOP_ANALYSIS = YES;
				CLANG_WARN_STRICT_PROTOTYPES = YES;
				CLANG_WARN_SUSPICIOUS_MOVE = YES;
				CLANG_WARN_UNGUARDED_AVAILABILITY = YES_AGGRESSIVE;
				CLANG_WARN_UNREACHABLE_CODE = YES;
				CLANG_WARN__DUPLICATE_METHOD_MATCH = YES;
				COPY_PHASE_STRIP = NO;
				DEBUG_INFORMATION_FORMAT = "dwarf-with-dsym";
				ENABLE_NS_ASSERTIONS = NO;
				ENABLE_STRICT_OBJC_MSGSEND = YES;
				GCC_C_LANGUAGE_STANDARD = gnu11;
				GCC_NO_COMMON_BLOCKS = YES;
				GCC_WARN_64_TO_32_BIT_CONVERSION = YES;
				GCC_WARN_ABOUT_RETURN_TYPE = YES_ERROR;
				GCC_WARN_UNDECLARED_SELECTOR = YES;
				GCC_WARN_UNINITIALIZED_AUTOS = YES_AGGRESSIVE;
				GCC_WARN_UNUSED_FUNCTION = YES;
				GCC_WARN_UNUSED_VARIABLE = YES;
				IPHONEOS_DEPLOYMENT_TARGET = 15.5;
				MTL_ENABLE_DEBUG_INFO = NO;
				MTL_FAST_MATH = YES;
				SDKROOT = iphoneos;
				SWIFT_COMPILATION_MODE = wholemodule;
				SWIFT_OPTIMIZATION_LEVEL = "-O";
				VALIDATE_PRODUCT = YES;
			};
			name = Release;
		};
		14F94AB3288A70B000956ADE /* Debug */ = {
			isa = XCBuildConfiguration;
			buildSettings = {
				ASSETCATALOG_COMPILER_APPICON_NAME = AppIcon;
				ASSETCATALOG_COMPILER_GLOBAL_ACCENT_COLOR_NAME = AccentColor;
				CODE_SIGN_STYLE = Automatic;
				CURRENT_PROJECT_VERSION = 1;
				GENERATE_INFOPLIST_FILE = YES;
				INFOPLIST_FILE = "Tamagotchi Project/Info.plist";
				INFOPLIST_KEY_CFBundleDisplayName = "이도헌";
				INFOPLIST_KEY_UIApplicationSupportsIndirectInputEvents = YES;
				INFOPLIST_KEY_UILaunchStoryboardName = LaunchScreen;
				INFOPLIST_KEY_UIMainStoryboardFile = Tamagotchi;
				INFOPLIST_KEY_UISupportedInterfaceOrientations = UIInterfaceOrientationPortrait;
				INFOPLIST_KEY_UISupportedInterfaceOrientations_iPad = "UIInterfaceOrientationPortrait UIInterfaceOrientationPortraitUpsideDown UIInterfaceOrientationLandscapeLeft UIInterfaceOrientationLandscapeRight";
				INFOPLIST_KEY_UISupportedInterfaceOrientations_iPhone = "UIInterfaceOrientationPortrait UIInterfaceOrientationLandscapeLeft UIInterfaceOrientationLandscapeRight";
				IPHONEOS_DEPLOYMENT_TARGET = 15.0;
				LD_RUNPATH_SEARCH_PATHS = (
					"$(inherited)",
					"@executable_path/Frameworks",
				);
				MARKETING_VERSION = 1.0;
				PRODUCT_BUNDLE_IDENTIFIER = "idhun90.Tamagotchi-Project";
				PRODUCT_NAME = "$(TARGET_NAME)";
				SWIFT_EMIT_LOC_STRINGS = YES;
				SWIFT_VERSION = 5.0;
				TARGETED_DEVICE_FAMILY = 1;
			};
			name = Debug;
		};
		14F94AB4288A70B000956ADE /* Release */ = {
			isa = XCBuildConfiguration;
			buildSettings = {
				ASSETCATALOG_COMPILER_APPICON_NAME = AppIcon;
				ASSETCATALOG_COMPILER_GLOBAL_ACCENT_COLOR_NAME = AccentColor;
				CODE_SIGN_STYLE = Automatic;
				CURRENT_PROJECT_VERSION = 1;
				GENERATE_INFOPLIST_FILE = YES;
				INFOPLIST_FILE = "Tamagotchi Project/Info.plist";
				INFOPLIST_KEY_CFBundleDisplayName = "이도헌";
				INFOPLIST_KEY_UIApplicationSupportsIndirectInputEvents = YES;
				INFOPLIST_KEY_UILaunchStoryboardName = LaunchScreen;
				INFOPLIST_KEY_UIMainStoryboardFile = Tamagotchi;
				INFOPLIST_KEY_UISupportedInterfaceOrientations = UIInterfaceOrientationPortrait;
				INFOPLIST_KEY_UISupportedInterfaceOrientations_iPad = "UIInterfaceOrientationPortrait UIInterfaceOrientationPortraitUpsideDown UIInterfaceOrientationLandscapeLeft UIInterfaceOrientationLandscapeRight";
				INFOPLIST_KEY_UISupportedInterfaceOrientations_iPhone = "UIInterfaceOrientationPortrait UIInterfaceOrientationLandscapeLeft UIInterfaceOrientationLandscapeRight";
				IPHONEOS_DEPLOYMENT_TARGET = 15.0;
				LD_RUNPATH_SEARCH_PATHS = (
					"$(inherited)",
					"@executable_path/Frameworks",
				);
				MARKETING_VERSION = 1.0;
				PRODUCT_BUNDLE_IDENTIFIER = "idhun90.Tamagotchi-Project";
				PRODUCT_NAME = "$(TARGET_NAME)";
				SWIFT_EMIT_LOC_STRINGS = YES;
				SWIFT_VERSION = 5.0;
				TARGETED_DEVICE_FAMILY = 1;
			};
			name = Release;
		};
/* End XCBuildConfiguration section */

/* Begin XCConfigurationList section */
		14F94A99288A70B000956ADE /* Build configuration list for PBXProject "Tamagotchi Project" */ = {
			isa = XCConfigurationList;
			buildConfigurations = (
				14F94AB0288A70B000956ADE /* Debug */,
				14F94AB1288A70B000956ADE /* Release */,
			);
			defaultConfigurationIsVisible = 0;
			defaultConfigurationName = Release;
		};
		14F94AB2288A70B000956ADE /* Build configuration list for PBXNativeTarget "Tamagotchi Project" */ = {
			isa = XCConfigurationList;
			buildConfigurations = (
				14F94AB3288A70B000956ADE /* Debug */,
				14F94AB4288A70B000956ADE /* Release */,
			);
			defaultConfigurationIsVisible = 0;
			defaultConfigurationName = Release;
		};
/* End XCConfigurationList section */

/* Begin XCRemoteSwiftPackageReference section */
		14CCD366288D2ABC00B2D06C /* XCRemoteSwiftPackageReference "IQKeyboardManager" */ = {
			isa = XCRemoteSwiftPackageReference;
			repositoryURL = "https://github.com/hackiftekhar/IQKeyboardManager.git";
			requirement = {
				kind = exactVersion;
				version = 6.5.0;
			};
		};
/* End XCRemoteSwiftPackageReference section */

/* Begin XCSwiftPackageProductDependency section */
		14CCD367288D2ABC00B2D06C /* IQKeyboardManagerSwift */ = {
			isa = XCSwiftPackageProductDependency;
			package = 14CCD366288D2ABC00B2D06C /* XCRemoteSwiftPackageReference "IQKeyboardManager" */;
			productName = IQKeyboardManagerSwift;
		};
/* End XCSwiftPackageProductDependency section */
	};
	rootObject = 14F94A96288A70B000956ADE /* Project object */;
}
